
Microsoft Visual Studio Solution File, Format Version 12.00
# Visual Studio 15
VisualStudioVersion = 15.0.28307.421
MinimumVisualStudioVersion = 10.0.40219.1
Project("{8BC9CEB8-8B4A-11D0-8D11-00A0C91BC942}") = "gui", "gui.vcxproj", "{DB7C45A8-0EC4-44D5-9D15-D4B134D825AB}"
EndProject
Global
	GlobalSection(SolutionConfigurationPlatforms) = preSolution
		Debug|x64 = Debug|x64
		Release|x64 = Release|x64
	EndGlobalSection
	GlobalSection(ProjectConfigurationPlatforms) = postSolution
		{DB7C45A8-0EC4-44D5-9D15-D4B134D825AB}.Debug|x64.ActiveCfg = Debug|x64
		{DB7C45A8-0EC4-44D5-9D15-D4B134D825AB}.Debug|x64.Build.0 = Debug|x64
		{DB7C45A8-0EC4-44D5-9D15-D4B134D825AB}.Release|x64.ActiveCfg = Release|x64
		{DB7C45A8-0EC4-44D5-9D15-D4B134D825AB}.Release|x64.Build.0 = Release|x64
	EndGlobalSection
	GlobalSection(SolutionProperties) = preSolution
		HideSolutionNode = FALSE
	EndGlobalSection
	GlobalSection(ExtensibilityGlobals) = postSolution
		SolutionGuid = {7502EA5E-898D-4AF6-9277-5B5ED8167A35}
	EndGlobalSection
EndGlobal
